
Microsoft Visual Studio Solution File, Format Version 12.00
# Visual Studio Version 16
VisualStudioVersion = 16.0.28803.352
MinimumVisualStudioVersion = 10.0.40219.1
Project("{FAE04EC0-301F-11D3-BF4B-00C04F79EFBC}") = "Moto", "Moto\Moto.csproj", "{4BB47C77-0258-49F5-8699-99DA3C272280}"
EndProject
Global
	GlobalSection(SolutionConfigurationPlatforms) = preSolution
		Debug|Any CPU = Debug|Any CPU
		Release|Any CPU = Release|Any CPU
	EndGlobalSection
	GlobalSection(ProjectConfigurationPlatforms) = postSolution
		{4BB47C77-0258-49F5-8699-99DA3C272280}.Debug|Any CPU.ActiveCfg = Debug|Any CPU
		{4BB47C77-0258-49F5-8699-99DA3C272280}.Debug|Any CPU.Build.0 = Debug|Any CPU
		{4BB47C77-0258-49F5-8699-99DA3C272280}.Release|Any CPU.ActiveCfg = Release|Any CPU
		{4BB47C77-0258-49F5-8699-99DA3C272280}.Release|Any CPU.Build.0 = Release|Any CPU
	EndGlobalSection
	GlobalSection(SolutionProperties) = preSolution
		HideSolutionNode = FALSE
	EndGlobalSection
	GlobalSection(ExtensibilityGlobals) = postSolution
		SolutionGuid = {90F0A5A2-4020-4E5D-81E1-76C937B2F3BB}
	EndGlobalSection
EndGlobal
